
Microsoft Visual Studio Solution File, Format Version 12.00
# Visual Studio Version 17
VisualStudioVersion = 17.5.33627.172
MinimumVisualStudioVersion = 10.0.40219.1
Project("{FAE04EC0-301F-11D3-BF4B-00C04F79EFBC}") = "Metrik.Shared", "Metrik.Shared\Metrik.Shared.csproj", "{AC3F4264-7FCC-42A4-A7A5-8F11EEAF6A69}"
EndProject
Project("{FAE04EC0-301F-11D3-BF4B-00C04F79EFBC}") = "Metrik.Services", "Metrik.Services\Metrik.Services.csproj", "{A9417FCE-E1B3-4C35-A8B4-9C858E48F1C4}"
EndProject
Project("{FAE04EC0-301F-11D3-BF4B-00C04F79EFBC}") = "Metrik.Entities", "Metrik.Entities\Metrik.Entities.csproj", "{D3A8381D-9500-4736-9671-BC89773B9669}"
EndProject
Project("{FAE04EC0-301F-11D3-BF4B-00C04F79EFBC}") = "Metrik.Data", "Metrik.Data\Metrik.Data.csproj", "{093BAA47-1A46-40E8-8CC5-4088A098C568}"
EndProject
Project("{FAE04EC0-301F-11D3-BF4B-00C04F79EFBC}") = "Metrik.API", "Metrik.API\Metrik.API.csproj", "{6634466E-0A88-410F-8764-21ABDBC63C2E}"
EndProject
Project("{2150E333-8FDC-42A3-9474-1A3956D46DE8}") = "Solution Items", "Solution Items", "{F6F3718B-3D27-4A62-94F7-CBC831AA4BB2}"
EndProject
Global
	GlobalSection(SolutionConfigurationPlatforms) = preSolution
		Debug|Any CPU = Debug|Any CPU
		Release|Any CPU = Release|Any CPU
	EndGlobalSection
	GlobalSection(ProjectConfigurationPlatforms) = postSolution
		{AC3F4264-7FCC-42A4-A7A5-8F11EEAF6A69}.Debug|Any CPU.ActiveCfg = Debug|Any CPU
		{AC3F4264-7FCC-42A4-A7A5-8F11EEAF6A69}.Debug|Any CPU.Build.0 = Debug|Any CPU
		{AC3F4264-7FCC-42A4-A7A5-8F11EEAF6A69}.Release|Any CPU.ActiveCfg = Release|Any CPU
		{AC3F4264-7FCC-42A4-A7A5-8F11EEAF6A69}.Release|Any CPU.Build.0 = Release|Any CPU
		{A9417FCE-E1B3-4C35-A8B4-9C858E48F1C4}.Debug|Any CPU.ActiveCfg = Debug|Any CPU
		{A9417FCE-E1B3-4C35-A8B4-9C858E48F1C4}.Debug|Any CPU.Build.0 = Debug|Any CPU
		{A9417FCE-E1B3-4C35-A8B4-9C858E48F1C4}.Release|Any CPU.ActiveCfg = Release|Any CPU
		{A9417FCE-E1B3-4C35-A8B4-9C858E48F1C4}.Release|Any CPU.Build.0 = Release|Any CPU
		{D3A8381D-9500-4736-9671-BC89773B9669}.Debug|Any CPU.ActiveCfg = Debug|Any CPU
		{D3A8381D-9500-4736-9671-BC89773B9669}.Debug|Any CPU.Build.0 = Debug|Any CPU
		{D3A8381D-9500-4736-9671-BC89773B9669}.Release|Any CPU.ActiveCfg = Release|Any CPU
		{D3A8381D-9500-4736-9671-BC89773B9669}.Release|Any CPU.Build.0 = Release|Any CPU
		{093BAA47-1A46-40E8-8CC5-4088A098C568}.Debug|Any CPU.ActiveCfg = Debug|Any CPU
		{093BAA47-1A46-40E8-8CC5-4088A098C568}.Debug|Any CPU.Build.0 = Debug|Any CPU
		{093BAA47-1A46-40E8-8CC5-4088A098C568}.Release|Any CPU.ActiveCfg = Release|Any CPU
		{093BAA47-1A46-40E8-8CC5-4088A098C568}.Release|Any CPU.Build.0 = Release|Any CPU
		{6634466E-0A88-410F-8764-21ABDBC63C2E}.Debug|Any CPU.ActiveCfg = Debug|Any CPU
		{6634466E-0A88-410F-8764-21ABDBC63C2E}.Debug|Any CPU.Build.0 = Debug|Any CPU
		{6634466E-0A88-410F-8764-21ABDBC63C2E}.Release|Any CPU.ActiveCfg = Release|Any CPU
		{6634466E-0A88-410F-8764-21ABDBC63C2E}.Release|Any CPU.Build.0 = Release|Any CPU
	EndGlobalSection
	GlobalSection(SolutionProperties) = preSolution
		HideSolutionNode = FALSE
	EndGlobalSection
	GlobalSection(ExtensibilityGlobals) = postSolution
		SolutionGuid = {F6F2BE62-ECE5-4D8F-92C9-BFD671CC8F99}
	EndGlobalSection
EndGlobal
